
Microsoft Visual Studio Solution File, Format Version 12.00
# Visual Studio Version 16
VisualStudioVersion = 25.0.1700.0
MinimumVisualStudioVersion = 10.0.40219.1
Project("{FAE04EC0-301F-11D3-BF4B-00C04F79EFBC}") = "BeehiveManagementSystem", "BeehiveManagementSystem\BeehiveManagementSystem.csproj", "{D5B81B73-C63E-473C-AE3F-2B7674992851}"
EndProject
Global
	GlobalSection(SolutionConfigurationPlatforms) = preSolution
		Debug|Any CPU = Debug|Any CPU
		Release|Any CPU = Release|Any CPU
	EndGlobalSection
	GlobalSection(ProjectConfigurationPlatforms) = postSolution
		{D5B81B73-C63E-473C-AE3F-2B7674992851}.Debug|Any CPU.ActiveCfg = Debug|Any CPU
		{D5B81B73-C63E-473C-AE3F-2B7674992851}.Debug|Any CPU.Build.0 = Debug|Any CPU
		{D5B81B73-C63E-473C-AE3F-2B7674992851}.Release|Any CPU.ActiveCfg = Release|Any CPU
		{D5B81B73-C63E-473C-AE3F-2B7674992851}.Release|Any CPU.Build.0 = Release|Any CPU
	EndGlobalSection
	GlobalSection(SolutionProperties) = preSolution
		HideSolutionNode = FALSE
	EndGlobalSection
	GlobalSection(ExtensibilityGlobals) = postSolution
		SolutionGuid = {A5F78AE9-AC79-45E1-BAB2-DCD223B349FD}
	EndGlobalSection
EndGlobal
